<Solution>
  <Project Path="../../Frontend/Web.Panel/Web.Panel.csproj" Id="157af4fb-e46b-4bf9-927d-599d16fc63af" />
  <Project Path="D:/workspace/1.Sistema de Notas/Backend/SistemaDeNotas/Serviço.Estoque/Serviço.Estoque.csproj" />
  <Project Path="D:/workspace/1.Sistema de Notas/Backend/SistemaDeNotas/Serviço.Faturamento/Serviço.Faturamento.csproj" />
  <Project Path="D:/workspace/1.Sistema de Notas/Backend/SistemaDeNotas/Serviço.Model/Serviço.Model.csproj" Id="3354057a-db62-404a-aaba-5ebf51bbd9a7" />
</Solution>
